
Microsoft Visual Studio Solution File, Format Version 12.00
# Visual Studio 15
VisualStudioVersion = 15.0.27428.2015
MinimumVisualStudioVersion = 10.0.40219.1
Project("{2150E333-8FDC-42A3-9474-1A3956D46DE8}") = "Plugin", "Plugin", "{12D59882-9FD8-4526-971D-CCFCB5FE6E9D}"
EndProject
Project("{FAE04EC0-301F-11D3-BF4B-00C04F79EFBC}") = "InputKit", "InputKit\InputKit.csproj", "{2739380C-D23B-4B3E-A607-7CC207C4D6F0}"
EndProject
Global
	GlobalSection(SolutionConfigurationPlatforms) = preSolution
		Debug|Any CPU = Debug|Any CPU
		Release|Any CPU = Release|Any CPU
	EndGlobalSection
	GlobalSection(ProjectConfigurationPlatforms) = postSolution
		{2739380C-D23B-4B3E-A607-7CC207C4D6F0}.Debug|Any CPU.ActiveCfg = Debug|Any CPU
		{2739380C-D23B-4B3E-A607-7CC207C4D6F0}.Debug|Any CPU.Build.0 = Debug|Any CPU
		{2739380C-D23B-4B3E-A607-7CC207C4D6F0}.Release|Any CPU.ActiveCfg = Release|Any CPU
		{2739380C-D23B-4B3E-A607-7CC207C4D6F0}.Release|Any CPU.Build.0 = Release|Any CPU
	EndGlobalSection
	GlobalSection(SolutionProperties) = preSolution
		HideSolutionNode = FALSE
	EndGlobalSection
	GlobalSection(NestedProjects) = preSolution
		{2739380C-D23B-4B3E-A607-7CC207C4D6F0} = {12D59882-9FD8-4526-971D-CCFCB5FE6E9D}
	EndGlobalSection
	GlobalSection(ExtensibilityGlobals) = postSolution
		SolutionGuid = {526E41CC-02ED-4091-94D9-0EF473430852}
	EndGlobalSection
EndGlobal
