
Microsoft Visual Studio Solution File, Format Version 12.00
# Visual Studio Version 16
VisualStudioVersion = 16.0.29411.138
MinimumVisualStudioVersion = 10.0.40219.1
Project("{2150E333-8FDC-42A3-9474-1A3956D46DE8}") = "Plugin", "Plugin", "{12D59882-9FD8-4526-971D-CCFCB5FE6E9D}"
	ProjectSection(SolutionItems) = preProject
		InputKit.nuspec = InputKit.nuspec
		Pack.bat = Pack.bat
		README.md = README.md
	EndProjectSection
EndProject
Project("{FAE04EC0-301F-11D3-BF4B-00C04F79EFBC}") = "Sample.InputKit.iOS", "Sample.InputKit\Sample.InputKit.iOS\Sample.InputKit.iOS.csproj", "{06236AEA-E5E5-4B21-A0CA-BFD471850EFC}"
EndProject
Project("{9A19103F-16F7-4668-BE54-9A1E7A4F7556}") = "Sample.InputKit", "Sample.InputKit\Sample.InputKit\Sample.InputKit.csproj", "{7BD830DC-A17D-47EC-87C2-5D7506C659E8}"
EndProject
Project("{2150E333-8FDC-42A3-9474-1A3956D46DE8}") = "Wiki", "Wiki", "{AA39162B-B93C-48CF-9566-8A04CCFF987C}"
	ProjectSection(SolutionItems) = preProject
		DropdownColoring.md = DropdownColoring.md
		Wiki\DynamicRadioButtons.md = Wiki\DynamicRadioButtons.md
		Wiki\SelectionView.md = Wiki\SelectionView.md
	EndProjectSection
EndProject
Project("{FAE04EC0-301F-11D3-BF4B-00C04F79EFBC}") = "Sample.InputKit.Android", "Sample.InputKit\Sample.InputKit.Android\Sample.InputKit.Android.csproj", "{BB4B11C4-B014-4D02-A014-5A29F694A392}"
EndProject
Project("{9A19103F-16F7-4668-BE54-9A1E7A4F7556}") = "InputKit", "InputKit\InputKit.csproj", "{0D4EDD99-6439-48E9-8F9A-8B4DC0CA5431}"
EndProject
Project("{2150E333-8FDC-42A3-9474-1A3956D46DE8}") = "Solution Items", "Solution Items", "{ADC7C69D-0749-4C60-82AE-6385D4CDD940}"
	ProjectSection(SolutionItems) = preProject
		.gitattributes = .gitattributes
		.gitignore = .gitignore
		readme.txt = readme.txt
	EndProjectSection
EndProject
Project("{2150E333-8FDC-42A3-9474-1A3956D46DE8}") = "sandbox", "sandbox", "{55717F9D-DCA2-41A0-A04A-8F081E892E14}"
EndProject
Project("{FAE04EC0-301F-11D3-BF4B-00C04F79EFBC}") = "SampleApp.UWP", "sandbox\SampleApp\SampleApp.UWP\SampleApp.UWP.csproj", "{2890EC79-14A8-473B-816B-B4D386EF2FC6}"
EndProject
Project("{FAE04EC0-301F-11D3-BF4B-00C04F79EFBC}") = "SampleApp.Android", "sandbox\SampleApp\SampleApp.Android\SampleApp.Android.csproj", "{EB9FBED4-4EBC-4289-9688-11B45B2134EB}"
EndProject
Project("{FAE04EC0-301F-11D3-BF4B-00C04F79EFBC}") = "SampleApp.iOS", "sandbox\SampleApp\SampleApp.iOS\SampleApp.iOS.csproj", "{D1316EC7-31A4-4D6D-AB3B-61B19F524D58}"
EndProject
Project("{FAE04EC0-301F-11D3-BF4B-00C04F79EFBC}") = "SampleApp", "sandbox\SampleApp\SampleApp\SampleApp.csproj", "{49AD2F99-2FF5-4105-BD75-86EAF8D72782}"
EndProject
Global
	GlobalSection(SolutionConfigurationPlatforms) = preSolution
		Ad-Hoc|Any CPU = Ad-Hoc|Any CPU
		Ad-Hoc|ARM = Ad-Hoc|ARM
		Ad-Hoc|iPhone = Ad-Hoc|iPhone
		Ad-Hoc|iPhoneSimulator = Ad-Hoc|iPhoneSimulator
		Ad-Hoc|x64 = Ad-Hoc|x64
		Ad-Hoc|x86 = Ad-Hoc|x86
		AppStore|Any CPU = AppStore|Any CPU
		AppStore|ARM = AppStore|ARM
		AppStore|iPhone = AppStore|iPhone
		AppStore|iPhoneSimulator = AppStore|iPhoneSimulator
		AppStore|x64 = AppStore|x64
		AppStore|x86 = AppStore|x86
		Debug|Any CPU = Debug|Any CPU
		Debug|ARM = Debug|ARM
		Debug|iPhone = Debug|iPhone
		Debug|iPhoneSimulator = Debug|iPhoneSimulator
		Debug|x64 = Debug|x64
		Debug|x86 = Debug|x86
		Release|Any CPU = Release|Any CPU
		Release|ARM = Release|ARM
		Release|iPhone = Release|iPhone
		Release|iPhoneSimulator = Release|iPhoneSimulator
		Release|x64 = Release|x64
		Release|x86 = Release|x86
	EndGlobalSection
	GlobalSection(ProjectConfigurationPlatforms) = postSolution
		{06236AEA-E5E5-4B21-A0CA-BFD471850EFC}.Ad-Hoc|Any CPU.ActiveCfg = Ad-Hoc|iPhone
		{06236AEA-E5E5-4B21-A0CA-BFD471850EFC}.Ad-Hoc|ARM.ActiveCfg = Ad-Hoc|iPhoneSimulator
		{06236AEA-E5E5-4B21-A0CA-BFD471850EFC}.Ad-Hoc|iPhone.ActiveCfg = Ad-Hoc|iPhone
		{06236AEA-E5E5-4B21-A0CA-BFD471850EFC}.Ad-Hoc|iPhone.Build.0 = Ad-Hoc|iPhone
		{06236AEA-E5E5-4B21-A0CA-BFD471850EFC}.Ad-Hoc|iPhoneSimulator.ActiveCfg = Ad-Hoc|iPhoneSimulator
		{06236AEA-E5E5-4B21-A0CA-BFD471850EFC}.Ad-Hoc|iPhoneSimulator.Build.0 = Ad-Hoc|iPhoneSimulator
		{06236AEA-E5E5-4B21-A0CA-BFD471850EFC}.Ad-Hoc|x64.ActiveCfg = Ad-Hoc|iPhoneSimulator
		{06236AEA-E5E5-4B21-A0CA-BFD471850EFC}.Ad-Hoc|x86.ActiveCfg = Ad-Hoc|iPhoneSimulator
		{06236AEA-E5E5-4B21-A0CA-BFD471850EFC}.AppStore|Any CPU.ActiveCfg = AppStore|iPhone
		{06236AEA-E5E5-4B21-A0CA-BFD471850EFC}.AppStore|ARM.ActiveCfg = AppStore|iPhoneSimulator
		{06236AEA-E5E5-4B21-A0CA-BFD471850EFC}.AppStore|iPhone.ActiveCfg = AppStore|iPhone
		{06236AEA-E5E5-4B21-A0CA-BFD471850EFC}.AppStore|iPhone.Build.0 = AppStore|iPhone
		{06236AEA-E5E5-4B21-A0CA-BFD471850EFC}.AppStore|iPhoneSimulator.ActiveCfg = AppStore|iPhoneSimulator
		{06236AEA-E5E5-4B21-A0CA-BFD471850EFC}.AppStore|iPhoneSimulator.Build.0 = AppStore|iPhoneSimulator
		{06236AEA-E5E5-4B21-A0CA-BFD471850EFC}.AppStore|x64.ActiveCfg = AppStore|iPhoneSimulator
		{06236AEA-E5E5-4B21-A0CA-BFD471850EFC}.AppStore|x86.ActiveCfg = AppStore|iPhoneSimulator
		{06236AEA-E5E5-4B21-A0CA-BFD471850EFC}.Debug|Any CPU.ActiveCfg = Debug|iPhone
		{06236AEA-E5E5-4B21-A0CA-BFD471850EFC}.Debug|ARM.ActiveCfg = Debug|iPhoneSimulator
		{06236AEA-E5E5-4B21-A0CA-BFD471850EFC}.Debug|iPhone.ActiveCfg = Debug|iPhone
		{06236AEA-E5E5-4B21-A0CA-BFD471850EFC}.Debug|iPhone.Build.0 = Debug|iPhone
		{06236AEA-E5E5-4B21-A0CA-BFD471850EFC}.Debug|iPhoneSimulator.ActiveCfg = Debug|iPhoneSimulator
		{06236AEA-E5E5-4B21-A0CA-BFD471850EFC}.Debug|iPhoneSimulator.Build.0 = Debug|iPhoneSimulator
		{06236AEA-E5E5-4B21-A0CA-BFD471850EFC}.Debug|x64.ActiveCfg = Debug|iPhoneSimulator
		{06236AEA-E5E5-4B21-A0CA-BFD471850EFC}.Debug|x86.ActiveCfg = Debug|iPhoneSimulator
		{06236AEA-E5E5-4B21-A0CA-BFD471850EFC}.Release|Any CPU.ActiveCfg = Release|iPhone
		{06236AEA-E5E5-4B21-A0CA-BFD471850EFC}.Release|ARM.ActiveCfg = Release|iPhoneSimulator
		{06236AEA-E5E5-4B21-A0CA-BFD471850EFC}.Release|iPhone.ActiveCfg = Release|iPhone
		{06236AEA-E5E5-4B21-A0CA-BFD471850EFC}.Release|iPhone.Build.0 = Release|iPhone
		{06236AEA-E5E5-4B21-A0CA-BFD471850EFC}.Release|iPhoneSimulator.ActiveCfg = Release|iPhoneSimulator
		{06236AEA-E5E5-4B21-A0CA-BFD471850EFC}.Release|iPhoneSimulator.Build.0 = Release|iPhoneSimulator
		{06236AEA-E5E5-4B21-A0CA-BFD471850EFC}.Release|x64.ActiveCfg = Release|iPhoneSimulator
		{06236AEA-E5E5-4B21-A0CA-BFD471850EFC}.Release|x86.ActiveCfg = Release|iPhoneSimulator
		{7BD830DC-A17D-47EC-87C2-5D7506C659E8}.Ad-Hoc|Any CPU.ActiveCfg = Debug|Any CPU
		{7BD830DC-A17D-47EC-87C2-5D7506C659E8}.Ad-Hoc|Any CPU.Build.0 = Debug|Any CPU
		{7BD830DC-A17D-47EC-87C2-5D7506C659E8}.Ad-Hoc|ARM.ActiveCfg = Release|Any CPU
		{7BD830DC-A17D-47EC-87C2-5D7506C659E8}.Ad-Hoc|ARM.Build.0 = Release|Any CPU
		{7BD830DC-A17D-47EC-87C2-5D7506C659E8}.Ad-Hoc|iPhone.ActiveCfg = Debug|Any CPU
		{7BD830DC-A17D-47EC-87C2-5D7506C659E8}.Ad-Hoc|iPhone.Build.0 = Debug|Any CPU
		{7BD830DC-A17D-47EC-87C2-5D7506C659E8}.Ad-Hoc|iPhoneSimulator.ActiveCfg = Debug|Any CPU
		{7BD830DC-A17D-47EC-87C2-5D7506C659E8}.Ad-Hoc|iPhoneSimulator.Build.0 = Debug|Any CPU
		{7BD830DC-A17D-47EC-87C2-5D7506C659E8}.Ad-Hoc|x64.ActiveCfg = Release|Any CPU
		{7BD830DC-A17D-47EC-87C2-5D7506C659E8}.Ad-Hoc|x64.Build.0 = Release|Any CPU
		{7BD830DC-A17D-47EC-87C2-5D7506C659E8}.Ad-Hoc|x86.ActiveCfg = Release|Any CPU
		{7BD830DC-A17D-47EC-87C2-5D7506C659E8}.Ad-Hoc|x86.Build.0 = Release|Any CPU
		{7BD830DC-A17D-47EC-87C2-5D7506C659E8}.AppStore|Any CPU.ActiveCfg = Debug|Any CPU
		{7BD830DC-A17D-47EC-87C2-5D7506C659E8}.AppStore|Any CPU.Build.0 = Debug|Any CPU
		{7BD830DC-A17D-47EC-87C2-5D7506C659E8}.AppStore|ARM.ActiveCfg = Release|Any CPU
		{7BD830DC-A17D-47EC-87C2-5D7506C659E8}.AppStore|ARM.Build.0 = Release|Any CPU
		{7BD830DC-A17D-47EC-87C2-5D7506C659E8}.AppStore|iPhone.ActiveCfg = Debug|Any CPU
		{7BD830DC-A17D-47EC-87C2-5D7506C659E8}.AppStore|iPhone.Build.0 = Debug|Any CPU
		{7BD830DC-A17D-47EC-87C2-5D7506C659E8}.AppStore|iPhoneSimulator.ActiveCfg = Debug|Any CPU
		{7BD830DC-A17D-47EC-87C2-5D7506C659E8}.AppStore|iPhoneSimulator.Build.0 = Debug|Any CPU
		{7BD830DC-A17D-47EC-87C2-5D7506C659E8}.AppStore|x64.ActiveCfg = Release|Any CPU
		{7BD830DC-A17D-47EC-87C2-5D7506C659E8}.AppStore|x64.Build.0 = Release|Any CPU
		{7BD830DC-A17D-47EC-87C2-5D7506C659E8}.AppStore|x86.ActiveCfg = Release|Any CPU
		{7BD830DC-A17D-47EC-87C2-5D7506C659E8}.AppStore|x86.Build.0 = Release|Any CPU
		{7BD830DC-A17D-47EC-87C2-5D7506C659E8}.Debug|Any CPU.ActiveCfg = Debug|Any CPU
		{7BD830DC-A17D-47EC-87C2-5D7506C659E8}.Debug|Any CPU.Build.0 = Debug|Any CPU
		{7BD830DC-A17D-47EC-87C2-5D7506C659E8}.Debug|ARM.ActiveCfg = Debug|Any CPU
		{7BD830DC-A17D-47EC-87C2-5D7506C659E8}.Debug|ARM.Build.0 = Debug|Any CPU
		{7BD830DC-A17D-47EC-87C2-5D7506C659E8}.Debug|iPhone.ActiveCfg = Debug|Any CPU
		{7BD830DC-A17D-47EC-87C2-5D7506C659E8}.Debug|iPhone.Build.0 = Debug|Any CPU
		{7BD830DC-A17D-47EC-87C2-5D7506C659E8}.Debug|iPhoneSimulator.ActiveCfg = Debug|Any CPU
		{7BD830DC-A17D-47EC-87C2-5D7506C659E8}.Debug|iPhoneSimulator.Build.0 = Debug|Any CPU
		{7BD830DC-A17D-47EC-87C2-5D7506C659E8}.Debug|x64.ActiveCfg = Debug|Any CPU
		{7BD830DC-A17D-47EC-87C2-5D7506C659E8}.Debug|x64.Build.0 = Debug|Any CPU
		{7BD830DC-A17D-47EC-87C2-5D7506C659E8}.Debug|x86.ActiveCfg = Debug|Any CPU
		{7BD830DC-A17D-47EC-87C2-5D7506C659E8}.Debug|x86.Build.0 = Debug|Any CPU
		{7BD830DC-A17D-47EC-87C2-5D7506C659E8}.Release|Any CPU.ActiveCfg = Release|Any CPU
		{7BD830DC-A17D-47EC-87C2-5D7506C659E8}.Release|Any CPU.Build.0 = Release|Any CPU
		{7BD830DC-A17D-47EC-87C2-5D7506C659E8}.Release|ARM.ActiveCfg = Release|Any CPU
		{7BD830DC-A17D-47EC-87C2-5D7506C659E8}.Release|ARM.Build.0 = Release|Any CPU
		{7BD830DC-A17D-47EC-87C2-5D7506C659E8}.Release|iPhone.ActiveCfg = Release|Any CPU
		{7BD830DC-A17D-47EC-87C2-5D7506C659E8}.Release|iPhone.Build.0 = Release|Any CPU
		{7BD830DC-A17D-47EC-87C2-5D7506C659E8}.Release|iPhoneSimulator.ActiveCfg = Release|Any CPU
		{7BD830DC-A17D-47EC-87C2-5D7506C659E8}.Release|iPhoneSimulator.Build.0 = Release|Any CPU
		{7BD830DC-A17D-47EC-87C2-5D7506C659E8}.Release|x64.ActiveCfg = Release|Any CPU
		{7BD830DC-A17D-47EC-87C2-5D7506C659E8}.Release|x64.Build.0 = Release|Any CPU
		{7BD830DC-A17D-47EC-87C2-5D7506C659E8}.Release|x86.ActiveCfg = Release|Any CPU
		{7BD830DC-A17D-47EC-87C2-5D7506C659E8}.Release|x86.Build.0 = Release|Any CPU
		{BB4B11C4-B014-4D02-A014-5A29F694A392}.Ad-Hoc|Any CPU.ActiveCfg = Release|Any CPU
		{BB4B11C4-B014-4D02-A014-5A29F694A392}.Ad-Hoc|Any CPU.Build.0 = Release|Any CPU
		{BB4B11C4-B014-4D02-A014-5A29F694A392}.Ad-Hoc|Any CPU.Deploy.0 = Release|Any CPU
		{BB4B11C4-B014-4D02-A014-5A29F694A392}.Ad-Hoc|ARM.ActiveCfg = Debug|Any CPU
		{BB4B11C4-B014-4D02-A014-5A29F694A392}.Ad-Hoc|ARM.Build.0 = Debug|Any CPU
		{BB4B11C4-B014-4D02-A014-5A29F694A392}.Ad-Hoc|ARM.Deploy.0 = Debug|Any CPU
		{BB4B11C4-B014-4D02-A014-5A29F694A392}.Ad-Hoc|iPhone.ActiveCfg = Release|Any CPU
		{BB4B11C4-B014-4D02-A014-5A29F694A392}.Ad-Hoc|iPhone.Build.0 = Release|Any CPU
		{BB4B11C4-B014-4D02-A014-5A29F694A392}.Ad-Hoc|iPhone.Deploy.0 = Release|Any CPU
		{BB4B11C4-B014-4D02-A014-5A29F694A392}.Ad-Hoc|iPhoneSimulator.ActiveCfg = Release|Any CPU
		{BB4B11C4-B014-4D02-A014-5A29F694A392}.Ad-Hoc|iPhoneSimulator.Build.0 = Release|Any CPU
		{BB4B11C4-B014-4D02-A014-5A29F694A392}.Ad-Hoc|iPhoneSimulator.Deploy.0 = Release|Any CPU
		{BB4B11C4-B014-4D02-A014-5A29F694A392}.Ad-Hoc|x64.ActiveCfg = Debug|Any CPU
		{BB4B11C4-B014-4D02-A014-5A29F694A392}.Ad-Hoc|x64.Build.0 = Debug|Any CPU
		{BB4B11C4-B014-4D02-A014-5A29F694A392}.Ad-Hoc|x64.Deploy.0 = Debug|Any CPU
		{BB4B11C4-B014-4D02-A014-5A29F694A392}.Ad-Hoc|x86.ActiveCfg = Debug|Any CPU
		{BB4B11C4-B014-4D02-A014-5A29F694A392}.Ad-Hoc|x86.Build.0 = Debug|Any CPU
		{BB4B11C4-B014-4D02-A014-5A29F694A392}.Ad-Hoc|x86.Deploy.0 = Debug|Any CPU
		{BB4B11C4-B014-4D02-A014-5A29F694A392}.AppStore|Any CPU.ActiveCfg = Release|Any CPU
		{BB4B11C4-B014-4D02-A014-5A29F694A392}.AppStore|Any CPU.Build.0 = Release|Any CPU
		{BB4B11C4-B014-4D02-A014-5A29F694A392}.AppStore|Any CPU.Deploy.0 = Release|Any CPU
		{BB4B11C4-B014-4D02-A014-5A29F694A392}.AppStore|ARM.ActiveCfg = Debug|Any CPU
		{BB4B11C4-B014-4D02-A014-5A29F694A392}.AppStore|ARM.Build.0 = Debug|Any CPU
		{BB4B11C4-B014-4D02-A014-5A29F694A392}.AppStore|ARM.Deploy.0 = Debug|Any CPU
		{BB4B11C4-B014-4D02-A014-5A29F694A392}.AppStore|iPhone.ActiveCfg = Release|Any CPU
		{BB4B11C4-B014-4D02-A014-5A29F694A392}.AppStore|iPhone.Build.0 = Release|Any CPU
		{BB4B11C4-B014-4D02-A014-5A29F694A392}.AppStore|iPhone.Deploy.0 = Release|Any CPU
		{BB4B11C4-B014-4D02-A014-5A29F694A392}.AppStore|iPhoneSimulator.ActiveCfg = Release|Any CPU
		{BB4B11C4-B014-4D02-A014-5A29F694A392}.AppStore|iPhoneSimulator.Build.0 = Release|Any CPU
		{BB4B11C4-B014-4D02-A014-5A29F694A392}.AppStore|iPhoneSimulator.Deploy.0 = Release|Any CPU
		{BB4B11C4-B014-4D02-A014-5A29F694A392}.AppStore|x64.ActiveCfg = Debug|Any CPU
		{BB4B11C4-B014-4D02-A014-5A29F694A392}.AppStore|x64.Build.0 = Debug|Any CPU
		{BB4B11C4-B014-4D02-A014-5A29F694A392}.AppStore|x64.Deploy.0 = Debug|Any CPU
		{BB4B11C4-B014-4D02-A014-5A29F694A392}.AppStore|x86.ActiveCfg = Debug|Any CPU
		{BB4B11C4-B014-4D02-A014-5A29F694A392}.AppStore|x86.Build.0 = Debug|Any CPU
		{BB4B11C4-B014-4D02-A014-5A29F694A392}.AppStore|x86.Deploy.0 = Debug|Any CPU
		{BB4B11C4-B014-4D02-A014-5A29F694A392}.Debug|Any CPU.ActiveCfg = Debug|Any CPU
		{BB4B11C4-B014-4D02-A014-5A29F694A392}.Debug|Any CPU.Build.0 = Debug|Any CPU
		{BB4B11C4-B014-4D02-A014-5A29F694A392}.Debug|Any CPU.Deploy.0 = Debug|Any CPU
		{BB4B11C4-B014-4D02-A014-5A29F694A392}.Debug|ARM.ActiveCfg = Debug|Any CPU
		{BB4B11C4-B014-4D02-A014-5A29F694A392}.Debug|ARM.Build.0 = Debug|Any CPU
		{BB4B11C4-B014-4D02-A014-5A29F694A392}.Debug|ARM.Deploy.0 = Debug|Any CPU
		{BB4B11C4-B014-4D02-A014-5A29F694A392}.Debug|iPhone.ActiveCfg = Debug|Any CPU
		{BB4B11C4-B014-4D02-A014-5A29F694A392}.Debug|iPhone.Build.0 = Debug|Any CPU
		{BB4B11C4-B014-4D02-A014-5A29F694A392}.Debug|iPhone.Deploy.0 = Debug|Any CPU
		{BB4B11C4-B014-4D02-A014-5A29F694A392}.Debug|iPhoneSimulator.ActiveCfg = Debug|Any CPU
		{BB4B11C4-B014-4D02-A014-5A29F694A392}.Debug|iPhoneSimulator.Build.0 = Debug|Any CPU
		{BB4B11C4-B014-4D02-A014-5A29F694A392}.Debug|iPhoneSimulator.Deploy.0 = Debug|Any CPU
		{BB4B11C4-B014-4D02-A014-5A29F694A392}.Debug|x64.ActiveCfg = Debug|Any CPU
		{BB4B11C4-B014-4D02-A014-5A29F694A392}.Debug|x64.Build.0 = Debug|Any CPU
		{BB4B11C4-B014-4D02-A014-5A29F694A392}.Debug|x64.Deploy.0 = Debug|Any CPU
		{BB4B11C4-B014-4D02-A014-5A29F694A392}.Debug|x86.ActiveCfg = Debug|Any CPU
		{BB4B11C4-B014-4D02-A014-5A29F694A392}.Debug|x86.Build.0 = Debug|Any CPU
		{BB4B11C4-B014-4D02-A014-5A29F694A392}.Debug|x86.Deploy.0 = Debug|Any CPU
		{BB4B11C4-B014-4D02-A014-5A29F694A392}.Release|Any CPU.ActiveCfg = Release|Any CPU
		{BB4B11C4-B014-4D02-A014-5A29F694A392}.Release|Any CPU.Build.0 = Release|Any CPU
		{BB4B11C4-B014-4D02-A014-5A29F694A392}.Release|Any CPU.Deploy.0 = Release|Any CPU
		{BB4B11C4-B014-4D02-A014-5A29F694A392}.Release|ARM.ActiveCfg = Release|Any CPU
		{BB4B11C4-B014-4D02-A014-5A29F694A392}.Release|ARM.Build.0 = Release|Any CPU
		{BB4B11C4-B014-4D02-A014-5A29F694A392}.Release|ARM.Deploy.0 = Release|Any CPU
		{BB4B11C4-B014-4D02-A014-5A29F694A392}.Release|iPhone.ActiveCfg = Release|Any CPU
		{BB4B11C4-B014-4D02-A014-5A29F694A392}.Release|iPhone.Build.0 = Release|Any CPU
		{BB4B11C4-B014-4D02-A014-5A29F694A392}.Release|iPhone.Deploy.0 = Release|Any CPU
		{BB4B11C4-B014-4D02-A014-5A29F694A392}.Release|iPhoneSimulator.ActiveCfg = Release|Any CPU
		{BB4B11C4-B014-4D02-A014-5A29F694A392}.Release|iPhoneSimulator.Build.0 = Release|Any CPU
		{BB4B11C4-B014-4D02-A014-5A29F694A392}.Release|iPhoneSimulator.Deploy.0 = Release|Any CPU
		{BB4B11C4-B014-4D02-A014-5A29F694A392}.Release|x64.ActiveCfg = Release|Any CPU
		{BB4B11C4-B014-4D02-A014-5A29F694A392}.Release|x64.Build.0 = Release|Any CPU
		{BB4B11C4-B014-4D02-A014-5A29F694A392}.Release|x64.Deploy.0 = Release|Any CPU
		{BB4B11C4-B014-4D02-A014-5A29F694A392}.Release|x86.ActiveCfg = Release|Any CPU
		{BB4B11C4-B014-4D02-A014-5A29F694A392}.Release|x86.Build.0 = Release|Any CPU
		{BB4B11C4-B014-4D02-A014-5A29F694A392}.Release|x86.Deploy.0 = Release|Any CPU
		{0D4EDD99-6439-48E9-8F9A-8B4DC0CA5431}.Ad-Hoc|Any CPU.ActiveCfg = Debug|Any CPU
		{0D4EDD99-6439-48E9-8F9A-8B4DC0CA5431}.Ad-Hoc|Any CPU.Build.0 = Debug|Any CPU
		{0D4EDD99-6439-48E9-8F9A-8B4DC0CA5431}.Ad-Hoc|ARM.ActiveCfg = Release|Any CPU
		{0D4EDD99-6439-48E9-8F9A-8B4DC0CA5431}.Ad-Hoc|ARM.Build.0 = Release|Any CPU
		{0D4EDD99-6439-48E9-8F9A-8B4DC0CA5431}.Ad-Hoc|iPhone.ActiveCfg = Debug|Any CPU
		{0D4EDD99-6439-48E9-8F9A-8B4DC0CA5431}.Ad-Hoc|iPhone.Build.0 = Debug|Any CPU
		{0D4EDD99-6439-48E9-8F9A-8B4DC0CA5431}.Ad-Hoc|iPhoneSimulator.ActiveCfg = Debug|Any CPU
		{0D4EDD99-6439-48E9-8F9A-8B4DC0CA5431}.Ad-Hoc|iPhoneSimulator.Build.0 = Debug|Any CPU
		{0D4EDD99-6439-48E9-8F9A-8B4DC0CA5431}.Ad-Hoc|x64.ActiveCfg = Release|Any CPU
		{0D4EDD99-6439-48E9-8F9A-8B4DC0CA5431}.Ad-Hoc|x64.Build.0 = Release|Any CPU
		{0D4EDD99-6439-48E9-8F9A-8B4DC0CA5431}.Ad-Hoc|x86.ActiveCfg = Release|Any CPU
		{0D4EDD99-6439-48E9-8F9A-8B4DC0CA5431}.Ad-Hoc|x86.Build.0 = Release|Any CPU
		{0D4EDD99-6439-48E9-8F9A-8B4DC0CA5431}.AppStore|Any CPU.ActiveCfg = Debug|Any CPU
		{0D4EDD99-6439-48E9-8F9A-8B4DC0CA5431}.AppStore|Any CPU.Build.0 = Debug|Any CPU
		{0D4EDD99-6439-48E9-8F9A-8B4DC0CA5431}.AppStore|ARM.ActiveCfg = Release|Any CPU
		{0D4EDD99-6439-48E9-8F9A-8B4DC0CA5431}.AppStore|ARM.Build.0 = Release|Any CPU
		{0D4EDD99-6439-48E9-8F9A-8B4DC0CA5431}.AppStore|iPhone.ActiveCfg = Debug|Any CPU
		{0D4EDD99-6439-48E9-8F9A-8B4DC0CA5431}.AppStore|iPhone.Build.0 = Debug|Any CPU
		{0D4EDD99-6439-48E9-8F9A-8B4DC0CA5431}.AppStore|iPhoneSimulator.ActiveCfg = Debug|Any CPU
		{0D4EDD99-6439-48E9-8F9A-8B4DC0CA5431}.AppStore|iPhoneSimulator.Build.0 = Debug|Any CPU
		{0D4EDD99-6439-48E9-8F9A-8B4DC0CA5431}.AppStore|x64.ActiveCfg = Release|Any CPU
		{0D4EDD99-6439-48E9-8F9A-8B4DC0CA5431}.AppStore|x64.Build.0 = Release|Any CPU
		{0D4EDD99-6439-48E9-8F9A-8B4DC0CA5431}.AppStore|x86.ActiveCfg = Release|Any CPU
		{0D4EDD99-6439-48E9-8F9A-8B4DC0CA5431}.AppStore|x86.Build.0 = Release|Any CPU
		{0D4EDD99-6439-48E9-8F9A-8B4DC0CA5431}.Debug|Any CPU.ActiveCfg = Debug|Any CPU
		{0D4EDD99-6439-48E9-8F9A-8B4DC0CA5431}.Debug|Any CPU.Build.0 = Debug|Any CPU
		{0D4EDD99-6439-48E9-8F9A-8B4DC0CA5431}.Debug|ARM.ActiveCfg = Debug|Any CPU
		{0D4EDD99-6439-48E9-8F9A-8B4DC0CA5431}.Debug|ARM.Build.0 = Debug|Any CPU
		{0D4EDD99-6439-48E9-8F9A-8B4DC0CA5431}.Debug|iPhone.ActiveCfg = Debug|Any CPU
		{0D4EDD99-6439-48E9-8F9A-8B4DC0CA5431}.Debug|iPhone.Build.0 = Debug|Any CPU
		{0D4EDD99-6439-48E9-8F9A-8B4DC0CA5431}.Debug|iPhoneSimulator.ActiveCfg = Debug|Any CPU
		{0D4EDD99-6439-48E9-8F9A-8B4DC0CA5431}.Debug|iPhoneSimulator.Build.0 = Debug|Any CPU
		{0D4EDD99-6439-48E9-8F9A-8B4DC0CA5431}.Debug|x64.ActiveCfg = Debug|Any CPU
		{0D4EDD99-6439-48E9-8F9A-8B4DC0CA5431}.Debug|x64.Build.0 = Debug|Any CPU
		{0D4EDD99-6439-48E9-8F9A-8B4DC0CA5431}.Debug|x86.ActiveCfg = Debug|Any CPU
		{0D4EDD99-6439-48E9-8F9A-8B4DC0CA5431}.Debug|x86.Build.0 = Debug|Any CPU
		{0D4EDD99-6439-48E9-8F9A-8B4DC0CA5431}.Release|Any CPU.ActiveCfg = Release|Any CPU
		{0D4EDD99-6439-48E9-8F9A-8B4DC0CA5431}.Release|Any CPU.Build.0 = Release|Any CPU
		{0D4EDD99-6439-48E9-8F9A-8B4DC0CA5431}.Release|ARM.ActiveCfg = Release|Any CPU
		{0D4EDD99-6439-48E9-8F9A-8B4DC0CA5431}.Release|ARM.Build.0 = Release|Any CPU
		{0D4EDD99-6439-48E9-8F9A-8B4DC0CA5431}.Release|iPhone.ActiveCfg = Release|Any CPU
		{0D4EDD99-6439-48E9-8F9A-8B4DC0CA5431}.Release|iPhone.Build.0 = Release|Any CPU
		{0D4EDD99-6439-48E9-8F9A-8B4DC0CA5431}.Release|iPhoneSimulator.ActiveCfg = Release|Any CPU
		{0D4EDD99-6439-48E9-8F9A-8B4DC0CA5431}.Release|iPhoneSimulator.Build.0 = Release|Any CPU
		{0D4EDD99-6439-48E9-8F9A-8B4DC0CA5431}.Release|x64.ActiveCfg = Release|Any CPU
		{0D4EDD99-6439-48E9-8F9A-8B4DC0CA5431}.Release|x64.Build.0 = Release|Any CPU
		{0D4EDD99-6439-48E9-8F9A-8B4DC0CA5431}.Release|x86.ActiveCfg = Release|Any CPU
		{0D4EDD99-6439-48E9-8F9A-8B4DC0CA5431}.Release|x86.Build.0 = Release|Any CPU
		{2890EC79-14A8-473B-816B-B4D386EF2FC6}.Ad-Hoc|Any CPU.ActiveCfg = Release|x86
		{2890EC79-14A8-473B-816B-B4D386EF2FC6}.Ad-Hoc|Any CPU.Build.0 = Release|x86
		{2890EC79-14A8-473B-816B-B4D386EF2FC6}.Ad-Hoc|Any CPU.Deploy.0 = Release|x86
		{2890EC79-14A8-473B-816B-B4D386EF2FC6}.Ad-Hoc|ARM.ActiveCfg = Release|ARM
		{2890EC79-14A8-473B-816B-B4D386EF2FC6}.Ad-Hoc|ARM.Build.0 = Release|ARM
		{2890EC79-14A8-473B-816B-B4D386EF2FC6}.Ad-Hoc|ARM.Deploy.0 = Release|ARM
		{2890EC79-14A8-473B-816B-B4D386EF2FC6}.Ad-Hoc|iPhone.ActiveCfg = Release|x86
		{2890EC79-14A8-473B-816B-B4D386EF2FC6}.Ad-Hoc|iPhone.Build.0 = Release|x86
		{2890EC79-14A8-473B-816B-B4D386EF2FC6}.Ad-Hoc|iPhone.Deploy.0 = Release|x86
		{2890EC79-14A8-473B-816B-B4D386EF2FC6}.Ad-Hoc|iPhoneSimulator.ActiveCfg = Release|x86
		{2890EC79-14A8-473B-816B-B4D386EF2FC6}.Ad-Hoc|iPhoneSimulator.Build.0 = Release|x86
		{2890EC79-14A8-473B-816B-B4D386EF2FC6}.Ad-Hoc|iPhoneSimulator.Deploy.0 = Release|x86
		{2890EC79-14A8-473B-816B-B4D386EF2FC6}.Ad-Hoc|x64.ActiveCfg = Release|x64
		{2890EC79-14A8-473B-816B-B4D386EF2FC6}.Ad-Hoc|x64.Build.0 = Release|x64
		{2890EC79-14A8-473B-816B-B4D386EF2FC6}.Ad-Hoc|x64.Deploy.0 = Release|x64
		{2890EC79-14A8-473B-816B-B4D386EF2FC6}.Ad-Hoc|x86.ActiveCfg = Release|x86
		{2890EC79-14A8-473B-816B-B4D386EF2FC6}.Ad-Hoc|x86.Build.0 = Release|x86
		{2890EC79-14A8-473B-816B-B4D386EF2FC6}.Ad-Hoc|x86.Deploy.0 = Release|x86
		{2890EC79-14A8-473B-816B-B4D386EF2FC6}.AppStore|Any CPU.ActiveCfg = Release|x86
		{2890EC79-14A8-473B-816B-B4D386EF2FC6}.AppStore|Any CPU.Build.0 = Release|x86
		{2890EC79-14A8-473B-816B-B4D386EF2FC6}.AppStore|Any CPU.Deploy.0 = Release|x86
		{2890EC79-14A8-473B-816B-B4D386EF2FC6}.AppStore|ARM.ActiveCfg = Release|ARM
		{2890EC79-14A8-473B-816B-B4D386EF2FC6}.AppStore|ARM.Build.0 = Release|ARM
		{2890EC79-14A8-473B-816B-B4D386EF2FC6}.AppStore|ARM.Deploy.0 = Release|ARM
		{2890EC79-14A8-473B-816B-B4D386EF2FC6}.AppStore|iPhone.ActiveCfg = Release|x86
		{2890EC79-14A8-473B-816B-B4D386EF2FC6}.AppStore|iPhone.Build.0 = Release|x86
		{2890EC79-14A8-473B-816B-B4D386EF2FC6}.AppStore|iPhone.Deploy.0 = Release|x86
		{2890EC79-14A8-473B-816B-B4D386EF2FC6}.AppStore|iPhoneSimulator.ActiveCfg = Release|x86
		{2890EC79-14A8-473B-816B-B4D386EF2FC6}.AppStore|iPhoneSimulator.Build.0 = Release|x86
		{2890EC79-14A8-473B-816B-B4D386EF2FC6}.AppStore|iPhoneSimulator.Deploy.0 = Release|x86
		{2890EC79-14A8-473B-816B-B4D386EF2FC6}.AppStore|x64.ActiveCfg = Release|x64
		{2890EC79-14A8-473B-816B-B4D386EF2FC6}.AppStore|x64.Build.0 = Release|x64
		{2890EC79-14A8-473B-816B-B4D386EF2FC6}.AppStore|x64.Deploy.0 = Release|x64
		{2890EC79-14A8-473B-816B-B4D386EF2FC6}.AppStore|x86.ActiveCfg = Release|x86
		{2890EC79-14A8-473B-816B-B4D386EF2FC6}.AppStore|x86.Build.0 = Release|x86
		{2890EC79-14A8-473B-816B-B4D386EF2FC6}.AppStore|x86.Deploy.0 = Release|x86
		{2890EC79-14A8-473B-816B-B4D386EF2FC6}.Debug|Any CPU.ActiveCfg = Debug|x86
		{2890EC79-14A8-473B-816B-B4D386EF2FC6}.Debug|ARM.ActiveCfg = Debug|ARM
		{2890EC79-14A8-473B-816B-B4D386EF2FC6}.Debug|ARM.Build.0 = Debug|ARM
		{2890EC79-14A8-473B-816B-B4D386EF2FC6}.Debug|ARM.Deploy.0 = Debug|ARM
		{2890EC79-14A8-473B-816B-B4D386EF2FC6}.Debug|iPhone.ActiveCfg = Debug|x86
		{2890EC79-14A8-473B-816B-B4D386EF2FC6}.Debug|iPhoneSimulator.ActiveCfg = Debug|x86
		{2890EC79-14A8-473B-816B-B4D386EF2FC6}.Debug|x64.ActiveCfg = Debug|x64
		{2890EC79-14A8-473B-816B-B4D386EF2FC6}.Debug|x64.Build.0 = Debug|x64
		{2890EC79-14A8-473B-816B-B4D386EF2FC6}.Debug|x64.Deploy.0 = Debug|x64
		{2890EC79-14A8-473B-816B-B4D386EF2FC6}.Debug|x86.ActiveCfg = Debug|x86
		{2890EC79-14A8-473B-816B-B4D386EF2FC6}.Debug|x86.Build.0 = Debug|x86
		{2890EC79-14A8-473B-816B-B4D386EF2FC6}.Debug|x86.Deploy.0 = Debug|x86
		{2890EC79-14A8-473B-816B-B4D386EF2FC6}.Release|Any CPU.ActiveCfg = Release|x86
		{2890EC79-14A8-473B-816B-B4D386EF2FC6}.Release|ARM.ActiveCfg = Release|ARM
		{2890EC79-14A8-473B-816B-B4D386EF2FC6}.Release|ARM.Build.0 = Release|ARM
		{2890EC79-14A8-473B-816B-B4D386EF2FC6}.Release|ARM.Deploy.0 = Release|ARM
		{2890EC79-14A8-473B-816B-B4D386EF2FC6}.Release|iPhone.ActiveCfg = Release|x86
		{2890EC79-14A8-473B-816B-B4D386EF2FC6}.Release|iPhoneSimulator.ActiveCfg = Release|x86
		{2890EC79-14A8-473B-816B-B4D386EF2FC6}.Release|x64.ActiveCfg = Release|x64
		{2890EC79-14A8-473B-816B-B4D386EF2FC6}.Release|x64.Build.0 = Release|x64
		{2890EC79-14A8-473B-816B-B4D386EF2FC6}.Release|x64.Deploy.0 = Release|x64
		{2890EC79-14A8-473B-816B-B4D386EF2FC6}.Release|x86.ActiveCfg = Release|x86
		{2890EC79-14A8-473B-816B-B4D386EF2FC6}.Release|x86.Build.0 = Release|x86
		{2890EC79-14A8-473B-816B-B4D386EF2FC6}.Release|x86.Deploy.0 = Release|x86
		{EB9FBED4-4EBC-4289-9688-11B45B2134EB}.Ad-Hoc|Any CPU.ActiveCfg = Release|Any CPU
		{EB9FBED4-4EBC-4289-9688-11B45B2134EB}.Ad-Hoc|Any CPU.Build.0 = Release|Any CPU
		{EB9FBED4-4EBC-4289-9688-11B45B2134EB}.Ad-Hoc|Any CPU.Deploy.0 = Release|Any CPU
		{EB9FBED4-4EBC-4289-9688-11B45B2134EB}.Ad-Hoc|ARM.ActiveCfg = Release|Any CPU
		{EB9FBED4-4EBC-4289-9688-11B45B2134EB}.Ad-Hoc|ARM.Build.0 = Release|Any CPU
		{EB9FBED4-4EBC-4289-9688-11B45B2134EB}.Ad-Hoc|ARM.Deploy.0 = Release|Any CPU
		{EB9FBED4-4EBC-4289-9688-11B45B2134EB}.Ad-Hoc|iPhone.ActiveCfg = Release|Any CPU
		{EB9FBED4-4EBC-4289-9688-11B45B2134EB}.Ad-Hoc|iPhone.Build.0 = Release|Any CPU
		{EB9FBED4-4EBC-4289-9688-11B45B2134EB}.Ad-Hoc|iPhone.Deploy.0 = Release|Any CPU
		{EB9FBED4-4EBC-4289-9688-11B45B2134EB}.Ad-Hoc|iPhoneSimulator.ActiveCfg = Release|Any CPU
		{EB9FBED4-4EBC-4289-9688-11B45B2134EB}.Ad-Hoc|iPhoneSimulator.Build.0 = Release|Any CPU
		{EB9FBED4-4EBC-4289-9688-11B45B2134EB}.Ad-Hoc|iPhoneSimulator.Deploy.0 = Release|Any CPU
		{EB9FBED4-4EBC-4289-9688-11B45B2134EB}.Ad-Hoc|x64.ActiveCfg = Release|Any CPU
		{EB9FBED4-4EBC-4289-9688-11B45B2134EB}.Ad-Hoc|x64.Build.0 = Release|Any CPU
		{EB9FBED4-4EBC-4289-9688-11B45B2134EB}.Ad-Hoc|x64.Deploy.0 = Release|Any CPU
		{EB9FBED4-4EBC-4289-9688-11B45B2134EB}.Ad-Hoc|x86.ActiveCfg = Release|Any CPU
		{EB9FBED4-4EBC-4289-9688-11B45B2134EB}.Ad-Hoc|x86.Build.0 = Release|Any CPU
		{EB9FBED4-4EBC-4289-9688-11B45B2134EB}.Ad-Hoc|x86.Deploy.0 = Release|Any CPU
		{EB9FBED4-4EBC-4289-9688-11B45B2134EB}.AppStore|Any CPU.ActiveCfg = Release|Any CPU
		{EB9FBED4-4EBC-4289-9688-11B45B2134EB}.AppStore|Any CPU.Build.0 = Release|Any CPU
		{EB9FBED4-4EBC-4289-9688-11B45B2134EB}.AppStore|Any CPU.Deploy.0 = Release|Any CPU
		{EB9FBED4-4EBC-4289-9688-11B45B2134EB}.AppStore|ARM.ActiveCfg = Release|Any CPU
		{EB9FBED4-4EBC-4289-9688-11B45B2134EB}.AppStore|ARM.Build.0 = Release|Any CPU
		{EB9FBED4-4EBC-4289-9688-11B45B2134EB}.AppStore|ARM.Deploy.0 = Release|Any CPU
		{EB9FBED4-4EBC-4289-9688-11B45B2134EB}.AppStore|iPhone.ActiveCfg = Release|Any CPU
		{EB9FBED4-4EBC-4289-9688-11B45B2134EB}.AppStore|iPhone.Build.0 = Release|Any CPU
		{EB9FBED4-4EBC-4289-9688-11B45B2134EB}.AppStore|iPhone.Deploy.0 = Release|Any CPU
		{EB9FBED4-4EBC-4289-9688-11B45B2134EB}.AppStore|iPhoneSimulator.ActiveCfg = Release|Any CPU
		{EB9FBED4-4EBC-4289-9688-11B45B2134EB}.AppStore|iPhoneSimulator.Build.0 = Release|Any CPU
		{EB9FBED4-4EBC-4289-9688-11B45B2134EB}.AppStore|iPhoneSimulator.Deploy.0 = Release|Any CPU
		{EB9FBED4-4EBC-4289-9688-11B45B2134EB}.AppStore|x64.ActiveCfg = Release|Any CPU
		{EB9FBED4-4EBC-4289-9688-11B45B2134EB}.AppStore|x64.Build.0 = Release|Any CPU
		{EB9FBED4-4EBC-4289-9688-11B45B2134EB}.AppStore|x64.Deploy.0 = Release|Any CPU
		{EB9FBED4-4EBC-4289-9688-11B45B2134EB}.AppStore|x86.ActiveCfg = Release|Any CPU
		{EB9FBED4-4EBC-4289-9688-11B45B2134EB}.AppStore|x86.Build.0 = Release|Any CPU
		{EB9FBED4-4EBC-4289-9688-11B45B2134EB}.AppStore|x86.Deploy.0 = Release|Any CPU
		{EB9FBED4-4EBC-4289-9688-11B45B2134EB}.Debug|Any CPU.ActiveCfg = Debug|Any CPU
		{EB9FBED4-4EBC-4289-9688-11B45B2134EB}.Debug|Any CPU.Build.0 = Debug|Any CPU
		{EB9FBED4-4EBC-4289-9688-11B45B2134EB}.Debug|Any CPU.Deploy.0 = Debug|Any CPU
		{EB9FBED4-4EBC-4289-9688-11B45B2134EB}.Debug|ARM.ActiveCfg = Debug|Any CPU
		{EB9FBED4-4EBC-4289-9688-11B45B2134EB}.Debug|ARM.Build.0 = Debug|Any CPU
		{EB9FBED4-4EBC-4289-9688-11B45B2134EB}.Debug|ARM.Deploy.0 = Debug|Any CPU
		{EB9FBED4-4EBC-4289-9688-11B45B2134EB}.Debug|iPhone.ActiveCfg = Debug|Any CPU
		{EB9FBED4-4EBC-4289-9688-11B45B2134EB}.Debug|iPhone.Build.0 = Debug|Any CPU
		{EB9FBED4-4EBC-4289-9688-11B45B2134EB}.Debug|iPhone.Deploy.0 = Debug|Any CPU
		{EB9FBED4-4EBC-4289-9688-11B45B2134EB}.Debug|iPhoneSimulator.ActiveCfg = Debug|Any CPU
		{EB9FBED4-4EBC-4289-9688-11B45B2134EB}.Debug|iPhoneSimulator.Build.0 = Debug|Any CPU
		{EB9FBED4-4EBC-4289-9688-11B45B2134EB}.Debug|iPhoneSimulator.Deploy.0 = Debug|Any CPU
		{EB9FBED4-4EBC-4289-9688-11B45B2134EB}.Debug|x64.ActiveCfg = Debug|Any CPU
		{EB9FBED4-4EBC-4289-9688-11B45B2134EB}.Debug|x64.Build.0 = Debug|Any CPU
		{EB9FBED4-4EBC-4289-9688-11B45B2134EB}.Debug|x64.Deploy.0 = Debug|Any CPU
		{EB9FBED4-4EBC-4289-9688-11B45B2134EB}.Debug|x86.ActiveCfg = Debug|Any CPU
		{EB9FBED4-4EBC-4289-9688-11B45B2134EB}.Debug|x86.Build.0 = Debug|Any CPU
		{EB9FBED4-4EBC-4289-9688-11B45B2134EB}.Debug|x86.Deploy.0 = Debug|Any CPU
		{EB9FBED4-4EBC-4289-9688-11B45B2134EB}.Release|Any CPU.ActiveCfg = Release|Any CPU
		{EB9FBED4-4EBC-4289-9688-11B45B2134EB}.Release|Any CPU.Build.0 = Release|Any CPU
		{EB9FBED4-4EBC-4289-9688-11B45B2134EB}.Release|Any CPU.Deploy.0 = Release|Any CPU
		{EB9FBED4-4EBC-4289-9688-11B45B2134EB}.Release|ARM.ActiveCfg = Release|Any CPU
		{EB9FBED4-4EBC-4289-9688-11B45B2134EB}.Release|ARM.Build.0 = Release|Any CPU
		{EB9FBED4-4EBC-4289-9688-11B45B2134EB}.Release|ARM.Deploy.0 = Release|Any CPU
		{EB9FBED4-4EBC-4289-9688-11B45B2134EB}.Release|iPhone.ActiveCfg = Release|Any CPU
		{EB9FBED4-4EBC-4289-9688-11B45B2134EB}.Release|iPhone.Build.0 = Release|Any CPU
		{EB9FBED4-4EBC-4289-9688-11B45B2134EB}.Release|iPhone.Deploy.0 = Release|Any CPU
		{EB9FBED4-4EBC-4289-9688-11B45B2134EB}.Release|iPhoneSimulator.ActiveCfg = Release|Any CPU
		{EB9FBED4-4EBC-4289-9688-11B45B2134EB}.Release|iPhoneSimulator.Build.0 = Release|Any CPU
		{EB9FBED4-4EBC-4289-9688-11B45B2134EB}.Release|iPhoneSimulator.Deploy.0 = Release|Any CPU
		{EB9FBED4-4EBC-4289-9688-11B45B2134EB}.Release|x64.ActiveCfg = Release|Any CPU
		{EB9FBED4-4EBC-4289-9688-11B45B2134EB}.Release|x64.Build.0 = Release|Any CPU
		{EB9FBED4-4EBC-4289-9688-11B45B2134EB}.Release|x64.Deploy.0 = Release|Any CPU
		{EB9FBED4-4EBC-4289-9688-11B45B2134EB}.Release|x86.ActiveCfg = Release|Any CPU
		{EB9FBED4-4EBC-4289-9688-11B45B2134EB}.Release|x86.Build.0 = Release|Any CPU
		{EB9FBED4-4EBC-4289-9688-11B45B2134EB}.Release|x86.Deploy.0 = Release|Any CPU
		{D1316EC7-31A4-4D6D-AB3B-61B19F524D58}.Ad-Hoc|Any CPU.ActiveCfg = Release|iPhone
		{D1316EC7-31A4-4D6D-AB3B-61B19F524D58}.Ad-Hoc|Any CPU.Build.0 = Release|iPhone
		{D1316EC7-31A4-4D6D-AB3B-61B19F524D58}.Ad-Hoc|ARM.ActiveCfg = Release|iPhone
		{D1316EC7-31A4-4D6D-AB3B-61B19F524D58}.Ad-Hoc|ARM.Build.0 = Release|iPhone
		{D1316EC7-31A4-4D6D-AB3B-61B19F524D58}.Ad-Hoc|iPhone.ActiveCfg = Release|iPhone
		{D1316EC7-31A4-4D6D-AB3B-61B19F524D58}.Ad-Hoc|iPhone.Build.0 = Release|iPhone
		{D1316EC7-31A4-4D6D-AB3B-61B19F524D58}.Ad-Hoc|iPhoneSimulator.ActiveCfg = Release|iPhoneSimulator
		{D1316EC7-31A4-4D6D-AB3B-61B19F524D58}.Ad-Hoc|iPhoneSimulator.Build.0 = Release|iPhoneSimulator
		{D1316EC7-31A4-4D6D-AB3B-61B19F524D58}.Ad-Hoc|x64.ActiveCfg = Release|iPhone
		{D1316EC7-31A4-4D6D-AB3B-61B19F524D58}.Ad-Hoc|x64.Build.0 = Release|iPhone
		{D1316EC7-31A4-4D6D-AB3B-61B19F524D58}.Ad-Hoc|x86.ActiveCfg = Release|iPhone
		{D1316EC7-31A4-4D6D-AB3B-61B19F524D58}.Ad-Hoc|x86.Build.0 = Release|iPhone
		{D1316EC7-31A4-4D6D-AB3B-61B19F524D58}.AppStore|Any CPU.ActiveCfg = Release|iPhone
		{D1316EC7-31A4-4D6D-AB3B-61B19F524D58}.AppStore|Any CPU.Build.0 = Release|iPhone
		{D1316EC7-31A4-4D6D-AB3B-61B19F524D58}.AppStore|ARM.ActiveCfg = Release|iPhone
		{D1316EC7-31A4-4D6D-AB3B-61B19F524D58}.AppStore|ARM.Build.0 = Release|iPhone
		{D1316EC7-31A4-4D6D-AB3B-61B19F524D58}.AppStore|iPhone.ActiveCfg = Release|iPhone
		{D1316EC7-31A4-4D6D-AB3B-61B19F524D58}.AppStore|iPhone.Build.0 = Release|iPhone
		{D1316EC7-31A4-4D6D-AB3B-61B19F524D58}.AppStore|iPhoneSimulator.ActiveCfg = Release|iPhoneSimulator
		{D1316EC7-31A4-4D6D-AB3B-61B19F524D58}.AppStore|iPhoneSimulator.Build.0 = Release|iPhoneSimulator
		{D1316EC7-31A4-4D6D-AB3B-61B19F524D58}.AppStore|x64.ActiveCfg = Release|iPhone
		{D1316EC7-31A4-4D6D-AB3B-61B19F524D58}.AppStore|x64.Build.0 = Release|iPhone
		{D1316EC7-31A4-4D6D-AB3B-61B19F524D58}.AppStore|x86.ActiveCfg = Release|iPhone
		{D1316EC7-31A4-4D6D-AB3B-61B19F524D58}.AppStore|x86.Build.0 = Release|iPhone
		{D1316EC7-31A4-4D6D-AB3B-61B19F524D58}.Debug|Any CPU.ActiveCfg = Debug|iPhone
		{D1316EC7-31A4-4D6D-AB3B-61B19F524D58}.Debug|ARM.ActiveCfg = Debug|iPhone
		{D1316EC7-31A4-4D6D-AB3B-61B19F524D58}.Debug|iPhone.ActiveCfg = Debug|iPhone
		{D1316EC7-31A4-4D6D-AB3B-61B19F524D58}.Debug|iPhone.Build.0 = Debug|iPhone
		{D1316EC7-31A4-4D6D-AB3B-61B19F524D58}.Debug|iPhoneSimulator.ActiveCfg = Debug|iPhoneSimulator
		{D1316EC7-31A4-4D6D-AB3B-61B19F524D58}.Debug|iPhoneSimulator.Build.0 = Debug|iPhoneSimulator
		{D1316EC7-31A4-4D6D-AB3B-61B19F524D58}.Debug|x64.ActiveCfg = Debug|iPhone
		{D1316EC7-31A4-4D6D-AB3B-61B19F524D58}.Debug|x86.ActiveCfg = Debug|iPhone
		{D1316EC7-31A4-4D6D-AB3B-61B19F524D58}.Release|Any CPU.ActiveCfg = Release|iPhone
		{D1316EC7-31A4-4D6D-AB3B-61B19F524D58}.Release|ARM.ActiveCfg = Release|iPhone
		{D1316EC7-31A4-4D6D-AB3B-61B19F524D58}.Release|iPhone.ActiveCfg = Release|iPhone
		{D1316EC7-31A4-4D6D-AB3B-61B19F524D58}.Release|iPhone.Build.0 = Release|iPhone
		{D1316EC7-31A4-4D6D-AB3B-61B19F524D58}.Release|iPhoneSimulator.ActiveCfg = Release|iPhoneSimulator
		{D1316EC7-31A4-4D6D-AB3B-61B19F524D58}.Release|iPhoneSimulator.Build.0 = Release|iPhoneSimulator
		{D1316EC7-31A4-4D6D-AB3B-61B19F524D58}.Release|x64.ActiveCfg = Release|iPhone
		{D1316EC7-31A4-4D6D-AB3B-61B19F524D58}.Release|x86.ActiveCfg = Release|iPhone
		{49AD2F99-2FF5-4105-BD75-86EAF8D72782}.Ad-Hoc|Any CPU.ActiveCfg = Debug|Any CPU
		{49AD2F99-2FF5-4105-BD75-86EAF8D72782}.Ad-Hoc|Any CPU.Build.0 = Debug|Any CPU
		{49AD2F99-2FF5-4105-BD75-86EAF8D72782}.Ad-Hoc|ARM.ActiveCfg = Debug|Any CPU
		{49AD2F99-2FF5-4105-BD75-86EAF8D72782}.Ad-Hoc|ARM.Build.0 = Debug|Any CPU
		{49AD2F99-2FF5-4105-BD75-86EAF8D72782}.Ad-Hoc|iPhone.ActiveCfg = Debug|Any CPU
		{49AD2F99-2FF5-4105-BD75-86EAF8D72782}.Ad-Hoc|iPhone.Build.0 = Debug|Any CPU
		{49AD2F99-2FF5-4105-BD75-86EAF8D72782}.Ad-Hoc|iPhoneSimulator.ActiveCfg = Debug|Any CPU
		{49AD2F99-2FF5-4105-BD75-86EAF8D72782}.Ad-Hoc|iPhoneSimulator.Build.0 = Debug|Any CPU
		{49AD2F99-2FF5-4105-BD75-86EAF8D72782}.Ad-Hoc|x64.ActiveCfg = Debug|Any CPU
		{49AD2F99-2FF5-4105-BD75-86EAF8D72782}.Ad-Hoc|x64.Build.0 = Debug|Any CPU
		{49AD2F99-2FF5-4105-BD75-86EAF8D72782}.Ad-Hoc|x86.ActiveCfg = Debug|Any CPU
		{49AD2F99-2FF5-4105-BD75-86EAF8D72782}.Ad-Hoc|x86.Build.0 = Debug|Any CPU
		{49AD2F99-2FF5-4105-BD75-86EAF8D72782}.AppStore|Any CPU.ActiveCfg = Debug|Any CPU
		{49AD2F99-2FF5-4105-BD75-86EAF8D72782}.AppStore|Any CPU.Build.0 = Debug|Any CPU
		{49AD2F99-2FF5-4105-BD75-86EAF8D72782}.AppStore|ARM.ActiveCfg = Debug|Any CPU
		{49AD2F99-2FF5-4105-BD75-86EAF8D72782}.AppStore|ARM.Build.0 = Debug|Any CPU
		{49AD2F99-2FF5-4105-BD75-86EAF8D72782}.AppStore|iPhone.ActiveCfg = Debug|Any CPU
		{49AD2F99-2FF5-4105-BD75-86EAF8D72782}.AppStore|iPhone.Build.0 = Debug|Any CPU
		{49AD2F99-2FF5-4105-BD75-86EAF8D72782}.AppStore|iPhoneSimulator.ActiveCfg = Debug|Any CPU
		{49AD2F99-2FF5-4105-BD75-86EAF8D72782}.AppStore|iPhoneSimulator.Build.0 = Debug|Any CPU
		{49AD2F99-2FF5-4105-BD75-86EAF8D72782}.AppStore|x64.ActiveCfg = Debug|Any CPU
		{49AD2F99-2FF5-4105-BD75-86EAF8D72782}.AppStore|x64.Build.0 = Debug|Any CPU
		{49AD2F99-2FF5-4105-BD75-86EAF8D72782}.AppStore|x86.ActiveCfg = Debug|Any CPU
		{49AD2F99-2FF5-4105-BD75-86EAF8D72782}.AppStore|x86.Build.0 = Debug|Any CPU
		{49AD2F99-2FF5-4105-BD75-86EAF8D72782}.Debug|Any CPU.ActiveCfg = Debug|Any CPU
		{49AD2F99-2FF5-4105-BD75-86EAF8D72782}.Debug|Any CPU.Build.0 = Debug|Any CPU
		{49AD2F99-2FF5-4105-BD75-86EAF8D72782}.Debug|ARM.ActiveCfg = Debug|Any CPU
		{49AD2F99-2FF5-4105-BD75-86EAF8D72782}.Debug|ARM.Build.0 = Debug|Any CPU
		{49AD2F99-2FF5-4105-BD75-86EAF8D72782}.Debug|iPhone.ActiveCfg = Debug|Any CPU
		{49AD2F99-2FF5-4105-BD75-86EAF8D72782}.Debug|iPhone.Build.0 = Debug|Any CPU
		{49AD2F99-2FF5-4105-BD75-86EAF8D72782}.Debug|iPhoneSimulator.ActiveCfg = Debug|Any CPU
		{49AD2F99-2FF5-4105-BD75-86EAF8D72782}.Debug|iPhoneSimulator.Build.0 = Debug|Any CPU
		{49AD2F99-2FF5-4105-BD75-86EAF8D72782}.Debug|x64.ActiveCfg = Debug|Any CPU
		{49AD2F99-2FF5-4105-BD75-86EAF8D72782}.Debug|x64.Build.0 = Debug|Any CPU
		{49AD2F99-2FF5-4105-BD75-86EAF8D72782}.Debug|x86.ActiveCfg = Debug|Any CPU
		{49AD2F99-2FF5-4105-BD75-86EAF8D72782}.Debug|x86.Build.0 = Debug|Any CPU
		{49AD2F99-2FF5-4105-BD75-86EAF8D72782}.Release|Any CPU.ActiveCfg = Release|Any CPU
		{49AD2F99-2FF5-4105-BD75-86EAF8D72782}.Release|Any CPU.Build.0 = Release|Any CPU
		{49AD2F99-2FF5-4105-BD75-86EAF8D72782}.Release|ARM.ActiveCfg = Release|Any CPU
		{49AD2F99-2FF5-4105-BD75-86EAF8D72782}.Release|ARM.Build.0 = Release|Any CPU
		{49AD2F99-2FF5-4105-BD75-86EAF8D72782}.Release|iPhone.ActiveCfg = Release|Any CPU
		{49AD2F99-2FF5-4105-BD75-86EAF8D72782}.Release|iPhone.Build.0 = Release|Any CPU
		{49AD2F99-2FF5-4105-BD75-86EAF8D72782}.Release|iPhoneSimulator.ActiveCfg = Release|Any CPU
		{49AD2F99-2FF5-4105-BD75-86EAF8D72782}.Release|iPhoneSimulator.Build.0 = Release|Any CPU
		{49AD2F99-2FF5-4105-BD75-86EAF8D72782}.Release|x64.ActiveCfg = Release|Any CPU
		{49AD2F99-2FF5-4105-BD75-86EAF8D72782}.Release|x64.Build.0 = Release|Any CPU
		{49AD2F99-2FF5-4105-BD75-86EAF8D72782}.Release|x86.ActiveCfg = Release|Any CPU
		{49AD2F99-2FF5-4105-BD75-86EAF8D72782}.Release|x86.Build.0 = Release|Any CPU
	EndGlobalSection
	GlobalSection(SolutionProperties) = preSolution
		HideSolutionNode = FALSE
	EndGlobalSection
	GlobalSection(NestedProjects) = preSolution
		{0D4EDD99-6439-48E9-8F9A-8B4DC0CA5431} = {12D59882-9FD8-4526-971D-CCFCB5FE6E9D}
		{2890EC79-14A8-473B-816B-B4D386EF2FC6} = {55717F9D-DCA2-41A0-A04A-8F081E892E14}
		{EB9FBED4-4EBC-4289-9688-11B45B2134EB} = {55717F9D-DCA2-41A0-A04A-8F081E892E14}
		{D1316EC7-31A4-4D6D-AB3B-61B19F524D58} = {55717F9D-DCA2-41A0-A04A-8F081E892E14}
		{49AD2F99-2FF5-4105-BD75-86EAF8D72782} = {55717F9D-DCA2-41A0-A04A-8F081E892E14}
	EndGlobalSection
	GlobalSection(ExtensibilityGlobals) = postSolution
		SolutionGuid = {526E41CC-02ED-4091-94D9-0EF473430852}
	EndGlobalSection
EndGlobal
