
Microsoft Visual Studio Solution File, Format Version 12.00
# Visual Studio 15
VisualStudioVersion = 15.0.27428.2015
MinimumVisualStudioVersion = 10.0.40219.1
Project("{2150E333-8FDC-42A3-9474-1A3956D46DE8}") = "Plugin", "Plugin", "{12D59882-9FD8-4526-971D-CCFCB5FE6E9D}"
	ProjectSection(SolutionItems) = preProject
		InputKit.nuspec = InputKit.nuspec
		Pack.bat = Pack.bat
		README.md = README.md
	EndProjectSection
EndProject
Project("{2150E333-8FDC-42A3-9474-1A3956D46DE8}") = "Wiki", "Wiki", "{AA39162B-B93C-48CF-9566-8A04CCFF987C}"
	ProjectSection(SolutionItems) = preProject
		DropdownColoring.md = DropdownColoring.md
		Wiki\DynamicRadioButtons.md = Wiki\DynamicRadioButtons.md
		Wiki\SelectionView.md = Wiki\SelectionView.md
	EndProjectSection
EndProject
Project("{FAE04EC0-301F-11D3-BF4B-00C04F79EFBC}") = "InputKit", "InputKit\InputKit.csproj", "{0D4EDD99-6439-48E9-8F9A-8B4DC0CA5431}"
EndProject
Project("{2150E333-8FDC-42A3-9474-1A3956D46DE8}") = "Solution Items", "Solution Items", "{ADC7C69D-0749-4C60-82AE-6385D4CDD940}"
	ProjectSection(SolutionItems) = preProject
		.gitattributes = .gitattributes
		.gitignore = .gitignore
		readme.txt = readme.txt
	EndProjectSection
EndProject
Project("{2150E333-8FDC-42A3-9474-1A3956D46DE8}") = "sandbox", "sandbox", "{AD673FBF-AF29-4156-B7FB-D9AF738D875D}"
EndProject
Project("{FAE04EC0-301F-11D3-BF4B-00C04F79EFBC}") = "SandboxMAUI", "sandbox\SandboxMAUI\SandboxMAUI.csproj", "{68B428F8-0B54-40A6-BA91-22637D58A27C}"
EndProject
Global
	GlobalSection(SolutionConfigurationPlatforms) = preSolution
		Ad-Hoc|Any CPU = Ad-Hoc|Any CPU
		Ad-Hoc|iPhone = Ad-Hoc|iPhone
		Ad-Hoc|iPhoneSimulator = Ad-Hoc|iPhoneSimulator
		AppStore|Any CPU = AppStore|Any CPU
		AppStore|iPhone = AppStore|iPhone
		AppStore|iPhoneSimulator = AppStore|iPhoneSimulator
		Debug|Any CPU = Debug|Any CPU
		Debug|iPhone = Debug|iPhone
		Debug|iPhoneSimulator = Debug|iPhoneSimulator
		Release|Any CPU = Release|Any CPU
		Release|iPhone = Release|iPhone
		Release|iPhoneSimulator = Release|iPhoneSimulator
	EndGlobalSection
	GlobalSection(ProjectConfigurationPlatforms) = postSolution
		{0D4EDD99-6439-48E9-8F9A-8B4DC0CA5431}.Ad-Hoc|Any CPU.ActiveCfg = Debug|Any CPU
		{0D4EDD99-6439-48E9-8F9A-8B4DC0CA5431}.Ad-Hoc|Any CPU.Build.0 = Debug|Any CPU
		{0D4EDD99-6439-48E9-8F9A-8B4DC0CA5431}.Ad-Hoc|iPhone.ActiveCfg = Debug|Any CPU
		{0D4EDD99-6439-48E9-8F9A-8B4DC0CA5431}.Ad-Hoc|iPhone.Build.0 = Debug|Any CPU
		{0D4EDD99-6439-48E9-8F9A-8B4DC0CA5431}.Ad-Hoc|iPhoneSimulator.ActiveCfg = Debug|Any CPU
		{0D4EDD99-6439-48E9-8F9A-8B4DC0CA5431}.Ad-Hoc|iPhoneSimulator.Build.0 = Debug|Any CPU
		{0D4EDD99-6439-48E9-8F9A-8B4DC0CA5431}.AppStore|Any CPU.ActiveCfg = Debug|Any CPU
		{0D4EDD99-6439-48E9-8F9A-8B4DC0CA5431}.AppStore|Any CPU.Build.0 = Debug|Any CPU
		{0D4EDD99-6439-48E9-8F9A-8B4DC0CA5431}.AppStore|iPhone.ActiveCfg = Debug|Any CPU
		{0D4EDD99-6439-48E9-8F9A-8B4DC0CA5431}.AppStore|iPhone.Build.0 = Debug|Any CPU
		{0D4EDD99-6439-48E9-8F9A-8B4DC0CA5431}.AppStore|iPhoneSimulator.ActiveCfg = Debug|Any CPU
		{0D4EDD99-6439-48E9-8F9A-8B4DC0CA5431}.AppStore|iPhoneSimulator.Build.0 = Debug|Any CPU
		{0D4EDD99-6439-48E9-8F9A-8B4DC0CA5431}.Debug|Any CPU.ActiveCfg = Debug|Any CPU
		{0D4EDD99-6439-48E9-8F9A-8B4DC0CA5431}.Debug|Any CPU.Build.0 = Debug|Any CPU
		{0D4EDD99-6439-48E9-8F9A-8B4DC0CA5431}.Debug|iPhone.ActiveCfg = Debug|Any CPU
		{0D4EDD99-6439-48E9-8F9A-8B4DC0CA5431}.Debug|iPhone.Build.0 = Debug|Any CPU
		{0D4EDD99-6439-48E9-8F9A-8B4DC0CA5431}.Debug|iPhoneSimulator.ActiveCfg = Debug|Any CPU
		{0D4EDD99-6439-48E9-8F9A-8B4DC0CA5431}.Debug|iPhoneSimulator.Build.0 = Debug|Any CPU
		{0D4EDD99-6439-48E9-8F9A-8B4DC0CA5431}.Release|Any CPU.ActiveCfg = Release|Any CPU
		{0D4EDD99-6439-48E9-8F9A-8B4DC0CA5431}.Release|Any CPU.Build.0 = Release|Any CPU
		{0D4EDD99-6439-48E9-8F9A-8B4DC0CA5431}.Release|iPhone.ActiveCfg = Release|Any CPU
		{0D4EDD99-6439-48E9-8F9A-8B4DC0CA5431}.Release|iPhone.Build.0 = Release|Any CPU
		{0D4EDD99-6439-48E9-8F9A-8B4DC0CA5431}.Release|iPhoneSimulator.ActiveCfg = Release|Any CPU
		{0D4EDD99-6439-48E9-8F9A-8B4DC0CA5431}.Release|iPhoneSimulator.Build.0 = Release|Any CPU
		{68B428F8-0B54-40A6-BA91-22637D58A27C}.Ad-Hoc|Any CPU.ActiveCfg = Debug|Any CPU
		{68B428F8-0B54-40A6-BA91-22637D58A27C}.Ad-Hoc|Any CPU.Build.0 = Debug|Any CPU
		{68B428F8-0B54-40A6-BA91-22637D58A27C}.Ad-Hoc|iPhone.ActiveCfg = Debug|Any CPU
		{68B428F8-0B54-40A6-BA91-22637D58A27C}.Ad-Hoc|iPhone.Build.0 = Debug|Any CPU
		{68B428F8-0B54-40A6-BA91-22637D58A27C}.Ad-Hoc|iPhoneSimulator.ActiveCfg = Debug|Any CPU
		{68B428F8-0B54-40A6-BA91-22637D58A27C}.Ad-Hoc|iPhoneSimulator.Build.0 = Debug|Any CPU
		{68B428F8-0B54-40A6-BA91-22637D58A27C}.AppStore|Any CPU.ActiveCfg = Debug|Any CPU
		{68B428F8-0B54-40A6-BA91-22637D58A27C}.AppStore|Any CPU.Build.0 = Debug|Any CPU
		{68B428F8-0B54-40A6-BA91-22637D58A27C}.AppStore|iPhone.ActiveCfg = Debug|Any CPU
		{68B428F8-0B54-40A6-BA91-22637D58A27C}.AppStore|iPhone.Build.0 = Debug|Any CPU
		{68B428F8-0B54-40A6-BA91-22637D58A27C}.AppStore|iPhoneSimulator.ActiveCfg = Debug|Any CPU
		{68B428F8-0B54-40A6-BA91-22637D58A27C}.AppStore|iPhoneSimulator.Build.0 = Debug|Any CPU
		{68B428F8-0B54-40A6-BA91-22637D58A27C}.Debug|Any CPU.ActiveCfg = Debug|Any CPU
		{68B428F8-0B54-40A6-BA91-22637D58A27C}.Debug|Any CPU.Build.0 = Debug|Any CPU
		{68B428F8-0B54-40A6-BA91-22637D58A27C}.Debug|iPhone.ActiveCfg = Debug|Any CPU
		{68B428F8-0B54-40A6-BA91-22637D58A27C}.Debug|iPhone.Build.0 = Debug|Any CPU
		{68B428F8-0B54-40A6-BA91-22637D58A27C}.Debug|iPhoneSimulator.ActiveCfg = Debug|Any CPU
		{68B428F8-0B54-40A6-BA91-22637D58A27C}.Debug|iPhoneSimulator.Build.0 = Debug|Any CPU
		{68B428F8-0B54-40A6-BA91-22637D58A27C}.Release|Any CPU.ActiveCfg = Release|Any CPU
		{68B428F8-0B54-40A6-BA91-22637D58A27C}.Release|Any CPU.Build.0 = Release|Any CPU
		{68B428F8-0B54-40A6-BA91-22637D58A27C}.Release|iPhone.ActiveCfg = Release|Any CPU
		{68B428F8-0B54-40A6-BA91-22637D58A27C}.Release|iPhone.Build.0 = Release|Any CPU
		{68B428F8-0B54-40A6-BA91-22637D58A27C}.Release|iPhoneSimulator.ActiveCfg = Release|Any CPU
		{68B428F8-0B54-40A6-BA91-22637D58A27C}.Release|iPhoneSimulator.Build.0 = Release|Any CPU
	EndGlobalSection
	GlobalSection(SolutionProperties) = preSolution
		HideSolutionNode = FALSE
	EndGlobalSection
	GlobalSection(NestedProjects) = preSolution
		{0D4EDD99-6439-48E9-8F9A-8B4DC0CA5431} = {12D59882-9FD8-4526-971D-CCFCB5FE6E9D}
		{68B428F8-0B54-40A6-BA91-22637D58A27C} = {AD673FBF-AF29-4156-B7FB-D9AF738D875D}
	EndGlobalSection
	GlobalSection(ExtensibilityGlobals) = postSolution
		SolutionGuid = {526E41CC-02ED-4091-94D9-0EF473430852}
	EndGlobalSection
EndGlobal
